
Microsoft Visual Studio Solution File, Format Version 12.00
# Visual Studio 14
VisualStudioVersion = 14.0.25123.0
MinimumVisualStudioVersion = 10.0.40219.1
Project("{FAE04EC0-301F-11D3-BF4B-00C04F79EFBC}") = "IstruzioneIf", "Istruzione If\IstruzioneIf.csproj", "{45A55B18-F328-45C4-B367-AE60663C0535}"
EndProject
Project("{FAE04EC0-301F-11D3-BF4B-00C04F79EFBC}") = "IstruzioneSwitch", "IstruzioneSwitch\IstruzioneSwitch.csproj", "{1AEE253D-B27A-479D-9016-ED0FAFCD6E5D}"
EndProject
Project("{FAE04EC0-301F-11D3-BF4B-00C04F79EFBC}") = "Iterazioni", "Iterazioni\Iterazioni.csproj", "{E04720C0-363C-4844-AA8E-0206A970D7EE}"
EndProject
Project("{FAE04EC0-301F-11D3-BF4B-00C04F79EFBC}") = "IstruzioniSalto", "IstruzioniSalto\IstruzioniSalto.csproj", "{9EDE5E98-AFBD-4468-B657-CEA4076A27E6}"
EndProject
Global
	GlobalSection(SolutionConfigurationPlatforms) = preSolution
		Debug|Any CPU = Debug|Any CPU
		Release|Any CPU = Release|Any CPU
	EndGlobalSection
	GlobalSection(ProjectConfigurationPlatforms) = postSolution
		{45A55B18-F328-45C4-B367-AE60663C0535}.Debug|Any CPU.ActiveCfg = Debug|Any CPU
		{45A55B18-F328-45C4-B367-AE60663C0535}.Debug|Any CPU.Build.0 = Debug|Any CPU
		{45A55B18-F328-45C4-B367-AE60663C0535}.Release|Any CPU.ActiveCfg = Release|Any CPU
		{45A55B18-F328-45C4-B367-AE60663C0535}.Release|Any CPU.Build.0 = Release|Any CPU
		{1AEE253D-B27A-479D-9016-ED0FAFCD6E5D}.Debug|Any CPU.ActiveCfg = Debug|Any CPU
		{1AEE253D-B27A-479D-9016-ED0FAFCD6E5D}.Debug|Any CPU.Build.0 = Debug|Any CPU
		{1AEE253D-B27A-479D-9016-ED0FAFCD6E5D}.Release|Any CPU.ActiveCfg = Release|Any CPU
		{1AEE253D-B27A-479D-9016-ED0FAFCD6E5D}.Release|Any CPU.Build.0 = Release|Any CPU
		{E04720C0-363C-4844-AA8E-0206A970D7EE}.Debug|Any CPU.ActiveCfg = Debug|Any CPU
		{E04720C0-363C-4844-AA8E-0206A970D7EE}.Debug|Any CPU.Build.0 = Debug|Any CPU
		{E04720C0-363C-4844-AA8E-0206A970D7EE}.Release|Any CPU.ActiveCfg = Release|Any CPU
		{E04720C0-363C-4844-AA8E-0206A970D7EE}.Release|Any CPU.Build.0 = Release|Any CPU
		{9EDE5E98-AFBD-4468-B657-CEA4076A27E6}.Debug|Any CPU.ActiveCfg = Debug|Any CPU
		{9EDE5E98-AFBD-4468-B657-CEA4076A27E6}.Debug|Any CPU.Build.0 = Debug|Any CPU
		{9EDE5E98-AFBD-4468-B657-CEA4076A27E6}.Release|Any CPU.ActiveCfg = Release|Any CPU
		{9EDE5E98-AFBD-4468-B657-CEA4076A27E6}.Release|Any CPU.Build.0 = Release|Any CPU
	EndGlobalSection
	GlobalSection(SolutionProperties) = preSolution
		HideSolutionNode = FALSE
	EndGlobalSection
EndGlobal
